// !$*UTF8*$!
{
	archiveVersion = 1;
	classes = {
	};
	objectVersion = 55;
	objects = {

/* Begin PBXBuildFile section */
		D81D1E8B27320A8000A03D42 /* SwiftUISamplesApp.swift in Sources */ = {isa = PBXBuildFile; fileRef = D81D1E8A27320A8000A03D42 /* SwiftUISamplesApp.swift */; };
		D81D1E8D27320A8000A03D42 /* ContentView.swift in Sources */ = {isa = PBXBuildFile; fileRef = D81D1E8C27320A8000A03D42 /* ContentView.swift */; };
		D81D1E8F27320A8300A03D42 /* Assets.xcassets in Resources */ = {isa = PBXBuildFile; fileRef = D81D1E8E27320A8300A03D42 /* Assets.xcassets */; };
		D81D1E9227320A8300A03D42 /* Preview Assets.xcassets in Resources */ = {isa = PBXBuildFile; fileRef = D81D1E9127320A8300A03D42 /* Preview Assets.xcassets */; };
		D81D1E9927320AAD00A03D42 /* TextSamples.swift in Sources */ = {isa = PBXBuildFile; fileRef = D81D1E9827320AAD00A03D42 /* TextSamples.swift */; };
		D81D1E9F2732325B00A03D42 /* Assets.xcassets in Resources */ = {isa = PBXBuildFile; fileRef = D81D1E9E2732325B00A03D42 /* Assets.xcassets */; };
		D81D1EA52732325C00A03D42 /* SwiftUIWatchSamples WatchKit Extension.appex in Embed App Extensions */ = {isa = PBXBuildFile; fileRef = D81D1EA42732325C00A03D42 /* SwiftUIWatchSamples WatchKit Extension.appex */; settings = {ATTRIBUTES = (RemoveHeadersOnCopy, ); }; };
		D81D1EAA2732325C00A03D42 /* GaugeSample.swift in Sources */ = {isa = PBXBuildFile; fileRef = D81D1EA92732325C00A03D42 /* GaugeSample.swift */; };
		D81D1EAC2732325C00A03D42 /* SwiftUISamplesApp.swift in Sources */ = {isa = PBXBuildFile; fileRef = D81D1EAB2732325C00A03D42 /* SwiftUISamplesApp.swift */; };
		D81D1EAE2732325C00A03D42 /* ComplicationController.swift in Sources */ = {isa = PBXBuildFile; fileRef = D81D1EAD2732325C00A03D42 /* ComplicationController.swift */; };
		D81D1EB02732325D00A03D42 /* Assets.xcassets in Resources */ = {isa = PBXBuildFile; fileRef = D81D1EAF2732325D00A03D42 /* Assets.xcassets */; };
		D81D1EB32732325D00A03D42 /* Preview Assets.xcassets in Resources */ = {isa = PBXBuildFile; fileRef = D81D1EB22732325D00A03D42 /* Preview Assets.xcassets */; };
		D81D1EB72732325D00A03D42 /* SwiftUIWatchSamples.app in Embed Watch Content */ = {isa = PBXBuildFile; fileRef = D81D1E9C2732325800A03D42 /* SwiftUIWatchSamples.app */; settings = {ATTRIBUTES = (RemoveHeadersOnCopy, ); }; };
		D8A8C3B72733A2EA007BA96F /* ShapeSamples.swift in Sources */ = {isa = PBXBuildFile; fileRef = D8A8C3B62733A2EA007BA96F /* ShapeSamples.swift */; };
		D8A8C3B92733A8AB007BA96F /* ColorSamples.swift in Sources */ = {isa = PBXBuildFile; fileRef = D8A8C3B82733A8AB007BA96F /* ColorSamples.swift */; };
		D8A8C3BD2735DA10007BA96F /* GradientSamples.swift in Sources */ = {isa = PBXBuildFile; fileRef = D8A8C3BC2735DA10007BA96F /* GradientSamples.swift */; };
		D8A8C3BF2735DE86007BA96F /* IconSamples.swift in Sources */ = {isa = PBXBuildFile; fileRef = D8A8C3BE2735DE86007BA96F /* IconSamples.swift */; };
/* End PBXBuildFile section */

/* Begin PBXContainerItemProxy section */
		D81D1EA62732325C00A03D42 /* PBXContainerItemProxy */ = {
			isa = PBXContainerItemProxy;
			containerPortal = D81D1E7F27320A8000A03D42 /* Project object */;
			proxyType = 1;
			remoteGlobalIDString = D81D1EA32732325C00A03D42;
			remoteInfo = "SwiftUIWatchSamples WatchKit Extension";
		};
		D81D1EB52732325D00A03D42 /* PBXContainerItemProxy */ = {
			isa = PBXContainerItemProxy;
			containerPortal = D81D1E7F27320A8000A03D42 /* Project object */;
			proxyType = 1;
			remoteGlobalIDString = D81D1E9B2732325800A03D42;
			remoteInfo = SwiftUIWatchSamples;
		};
/* End PBXContainerItemProxy section */

/* Begin PBXCopyFilesBuildPhase section */
		D81D1EBB2732325D00A03D42 /* Embed App Extensions */ = {
			isa = PBXCopyFilesBuildPhase;
			buildActionMask = 2147483647;
			dstPath = "";
			dstSubfolderSpec = 13;
			files = (
				D81D1EA52732325C00A03D42 /* SwiftUIWatchSamples WatchKit Extension.appex in Embed App Extensions */,
			);
			name = "Embed App Extensions";
			runOnlyForDeploymentPostprocessing = 0;
		};
		D81D1EBF2732325D00A03D42 /* Embed Watch Content */ = {
			isa = PBXCopyFilesBuildPhase;
			buildActionMask = 2147483647;
			dstPath = "$(CONTENTS_FOLDER_PATH)/Watch";
			dstSubfolderSpec = 16;
			files = (
				D81D1EB72732325D00A03D42 /* SwiftUIWatchSamples.app in Embed Watch Content */,
			);
			name = "Embed Watch Content";
			runOnlyForDeploymentPostprocessing = 0;
		};
/* End PBXCopyFilesBuildPhase section */

/* Begin PBXFileReference section */
		D81D1E8727320A8000A03D42 /* SwiftUISamples.app */ = {isa = PBXFileReference; explicitFileType = wrapper.application; includeInIndex = 0; path = SwiftUISamples.app; sourceTree = BUILT_PRODUCTS_DIR; };
		D81D1E8A27320A8000A03D42 /* SwiftUISamplesApp.swift */ = {isa = PBXFileReference; lastKnownFileType = sourcecode.swift; path = SwiftUISamplesApp.swift; sourceTree = "<group>"; };
		D81D1E8C27320A8000A03D42 /* ContentView.swift */ = {isa = PBXFileReference; lastKnownFileType = sourcecode.swift; path = ContentView.swift; sourceTree = "<group>"; };
		D81D1E8E27320A8300A03D42 /* Assets.xcassets */ = {isa = PBXFileReference; lastKnownFileType = folder.assetcatalog; path = Assets.xcassets; sourceTree = "<group>"; };
		D81D1E9127320A8300A03D42 /* Preview Assets.xcassets */ = {isa = PBXFileReference; lastKnownFileType = folder.assetcatalog; path = "Preview Assets.xcassets"; sourceTree = "<group>"; };
		D81D1E9827320AAD00A03D42 /* TextSamples.swift */ = {isa = PBXFileReference; lastKnownFileType = sourcecode.swift; path = TextSamples.swift; sourceTree = "<group>"; };
		D81D1E9C2732325800A03D42 /* SwiftUIWatchSamples.app */ = {isa = PBXFileReference; explicitFileType = wrapper.application; includeInIndex = 0; path = SwiftUIWatchSamples.app; sourceTree = BUILT_PRODUCTS_DIR; };
		D81D1E9E2732325B00A03D42 /* Assets.xcassets */ = {isa = PBXFileReference; lastKnownFileType = folder.assetcatalog; path = Assets.xcassets; sourceTree = "<group>"; };
		D81D1EA42732325C00A03D42 /* SwiftUIWatchSamples WatchKit Extension.appex */ = {isa = PBXFileReference; explicitFileType = "wrapper.app-extension"; includeInIndex = 0; path = "SwiftUIWatchSamples WatchKit Extension.appex"; sourceTree = BUILT_PRODUCTS_DIR; };
		D81D1EA92732325C00A03D42 /* GaugeSample.swift */ = {isa = PBXFileReference; lastKnownFileType = sourcecode.swift; path = GaugeSample.swift; sourceTree = "<group>"; };
		D81D1EAB2732325C00A03D42 /* SwiftUISamplesApp.swift */ = {isa = PBXFileReference; lastKnownFileType = sourcecode.swift; path = SwiftUISamplesApp.swift; sourceTree = "<group>"; };
		D81D1EAD2732325C00A03D42 /* ComplicationController.swift */ = {isa = PBXFileReference; lastKnownFileType = sourcecode.swift; path = ComplicationController.swift; sourceTree = "<group>"; };
		D81D1EAF2732325D00A03D42 /* Assets.xcassets */ = {isa = PBXFileReference; lastKnownFileType = folder.assetcatalog; path = Assets.xcassets; sourceTree = "<group>"; };
		D81D1EB22732325D00A03D42 /* Preview Assets.xcassets */ = {isa = PBXFileReference; lastKnownFileType = folder.assetcatalog; path = "Preview Assets.xcassets"; sourceTree = "<group>"; };
		D81D1EB42732325D00A03D42 /* Info.plist */ = {isa = PBXFileReference; lastKnownFileType = text.plist.xml; path = Info.plist; sourceTree = "<group>"; };
		D8A8C3B62733A2EA007BA96F /* ShapeSamples.swift */ = {isa = PBXFileReference; lastKnownFileType = sourcecode.swift; path = ShapeSamples.swift; sourceTree = "<group>"; };
		D8A8C3B82733A8AB007BA96F /* ColorSamples.swift */ = {isa = PBXFileReference; lastKnownFileType = sourcecode.swift; path = ColorSamples.swift; sourceTree = "<group>"; };
		D8A8C3BC2735DA10007BA96F /* GradientSamples.swift */ = {isa = PBXFileReference; lastKnownFileType = sourcecode.swift; path = GradientSamples.swift; sourceTree = "<group>"; };
		D8A8C3BE2735DE86007BA96F /* IconSamples.swift */ = {isa = PBXFileReference; lastKnownFileType = sourcecode.swift; path = IconSamples.swift; sourceTree = "<group>"; };
/* End PBXFileReference section */

/* Begin PBXFrameworksBuildPhase section */
		D81D1E8427320A8000A03D42 /* Frameworks */ = {
			isa = PBXFrameworksBuildPhase;
			buildActionMask = 2147483647;
			files = (
			);
			runOnlyForDeploymentPostprocessing = 0;
		};
		D81D1EA12732325C00A03D42 /* Frameworks */ = {
			isa = PBXFrameworksBuildPhase;
			buildActionMask = 2147483647;
			files = (
			);
			runOnlyForDeploymentPostprocessing = 0;
		};
/* End PBXFrameworksBuildPhase section */

/* Begin PBXGroup section */
		D81D1E7E27320A8000A03D42 = {
			isa = PBXGroup;
			children = (
				D81D1E8927320A8000A03D42 /* SwiftUISamples */,
				D81D1E9D2732325900A03D42 /* SwiftUIWatchSamples */,
				D81D1EA82732325C00A03D42 /* SwiftUIWatchSamples WatchKit Extension */,
				D81D1E8827320A8000A03D42 /* Products */,
			);
			sourceTree = "<group>";
		};
		D81D1E8827320A8000A03D42 /* Products */ = {
			isa = PBXGroup;
			children = (
				D81D1E8727320A8000A03D42 /* SwiftUISamples.app */,
				D81D1E9C2732325800A03D42 /* SwiftUIWatchSamples.app */,
				D81D1EA42732325C00A03D42 /* SwiftUIWatchSamples WatchKit Extension.appex */,
			);
			name = Products;
			sourceTree = "<group>";
		};
		D81D1E8927320A8000A03D42 /* SwiftUISamples */ = {
			isa = PBXGroup;
			children = (
				D81D1E8A27320A8000A03D42 /* SwiftUISamplesApp.swift */,
				D81D1E8C27320A8000A03D42 /* ContentView.swift */,
				D81D1E9827320AAD00A03D42 /* TextSamples.swift */,
				D8A8C3B62733A2EA007BA96F /* ShapeSamples.swift */,
				D8A8C3B82733A8AB007BA96F /* ColorSamples.swift */,
				D8A8C3BC2735DA10007BA96F /* GradientSamples.swift */,
				D8A8C3BE2735DE86007BA96F /* IconSamples.swift */,
				D81D1E8E27320A8300A03D42 /* Assets.xcassets */,
				D81D1E9027320A8300A03D42 /* Preview Content */,
			);
			path = SwiftUISamples;
			sourceTree = "<group>";
		};
		D81D1E9027320A8300A03D42 /* Preview Content */ = {
			isa = PBXGroup;
			children = (
				D81D1E9127320A8300A03D42 /* Preview Assets.xcassets */,
			);
			path = "Preview Content";
			sourceTree = "<group>";
		};
		D81D1E9D2732325900A03D42 /* SwiftUIWatchSamples */ = {
			isa = PBXGroup;
			children = (
				D81D1E9E2732325B00A03D42 /* Assets.xcassets */,
			);
			path = SwiftUIWatchSamples;
			sourceTree = "<group>";
		};
		D81D1EA82732325C00A03D42 /* SwiftUIWatchSamples WatchKit Extension */ = {
			isa = PBXGroup;
			children = (
				D81D1EA92732325C00A03D42 /* GaugeSample.swift */,
				D81D1EAB2732325C00A03D42 /* SwiftUISamplesApp.swift */,
				D81D1EAD2732325C00A03D42 /* ComplicationController.swift */,
				D81D1EAF2732325D00A03D42 /* Assets.xcassets */,
				D81D1EB42732325D00A03D42 /* Info.plist */,
				D81D1EB12732325D00A03D42 /* Preview Content */,
			);
			path = "SwiftUIWatchSamples WatchKit Extension";
			sourceTree = "<group>";
		};
		D81D1EB12732325D00A03D42 /* Preview Content */ = {
			isa = PBXGroup;
			children = (
				D81D1EB22732325D00A03D42 /* Preview Assets.xcassets */,
			);
			path = "Preview Content";
			sourceTree = "<group>";
		};
/* End PBXGroup section */

/* Begin PBXNativeTarget section */
		D81D1E8627320A8000A03D42 /* SwiftUISamples */ = {
			isa = PBXNativeTarget;
			buildConfigurationList = D81D1E9527320A8300A03D42 /* Build configuration list for PBXNativeTarget "SwiftUISamples" */;
			buildPhases = (
				D81D1E8327320A8000A03D42 /* Sources */,
				D81D1E8427320A8000A03D42 /* Frameworks */,
				D81D1E8527320A8000A03D42 /* Resources */,
				D81D1EBF2732325D00A03D42 /* Embed Watch Content */,
			);
			buildRules = (
			);
			dependencies = (
				D81D1EB62732325D00A03D42 /* PBXTargetDependency */,
			);
			name = SwiftUISamples;
			productName = SwiftUISamples;
			productReference = D81D1E8727320A8000A03D42 /* SwiftUISamples.app */;
			productType = "com.apple.product-type.application";
		};
		D81D1E9B2732325800A03D42 /* SwiftUIWatchSamples */ = {
			isa = PBXNativeTarget;
			buildConfigurationList = D81D1EBC2732325D00A03D42 /* Build configuration list for PBXNativeTarget "SwiftUIWatchSamples" */;
			buildPhases = (
				D81D1E9A2732325800A03D42 /* Resources */,
				D81D1EBB2732325D00A03D42 /* Embed App Extensions */,
			);
			buildRules = (
			);
			dependencies = (
				D81D1EA72732325C00A03D42 /* PBXTargetDependency */,
			);
			name = SwiftUIWatchSamples;
			productName = SwiftUIWatchSamples;
			productReference = D81D1E9C2732325800A03D42 /* SwiftUIWatchSamples.app */;
			productType = "com.apple.product-type.application.watchapp2";
		};
		D81D1EA32732325C00A03D42 /* SwiftUIWatchSamples WatchKit Extension */ = {
			isa = PBXNativeTarget;
			buildConfigurationList = D81D1EB82732325D00A03D42 /* Build configuration list for PBXNativeTarget "SwiftUIWatchSamples WatchKit Extension" */;
			buildPhases = (
				D81D1EA02732325C00A03D42 /* Sources */,
				D81D1EA12732325C00A03D42 /* Frameworks */,
				D81D1EA22732325C00A03D42 /* Resources */,
			);
			buildRules = (
			);
			dependencies = (
			);
			name = "SwiftUIWatchSamples WatchKit Extension";
			productName = "SwiftUIWatchSamples WatchKit Extension";
			productReference = D81D1EA42732325C00A03D42 /* SwiftUIWatchSamples WatchKit Extension.appex */;
			productType = "com.apple.product-type.watchkit2-extension";
		};
/* End PBXNativeTarget section */

/* Begin PBXProject section */
		D81D1E7F27320A8000A03D42 /* Project object */ = {
			isa = PBXProject;
			attributes = {
				BuildIndependentTargetsInParallel = 1;
				LastSwiftUpdateCheck = 1310;
				LastUpgradeCheck = 1310;
				TargetAttributes = {
					D81D1E8627320A8000A03D42 = {
						CreatedOnToolsVersion = 13.1;
					};
					D81D1E9B2732325800A03D42 = {
						CreatedOnToolsVersion = 13.1;
					};
					D81D1EA32732325C00A03D42 = {
						CreatedOnToolsVersion = 13.1;
					};
				};
			};
			buildConfigurationList = D81D1E8227320A8000A03D42 /* Build configuration list for PBXProject "SwiftUISamples" */;
			compatibilityVersion = "Xcode 13.0";
			developmentRegion = en;
			hasScannedForEncodings = 0;
			knownRegions = (
				en,
				Base,
			);
			mainGroup = D81D1E7E27320A8000A03D42;
			productRefGroup = D81D1E8827320A8000A03D42 /* Products */;
			projectDirPath = "";
			projectRoot = "";
			targets = (
				D81D1E8627320A8000A03D42 /* SwiftUISamples */,
				D81D1E9B2732325800A03D42 /* SwiftUIWatchSamples */,
				D81D1EA32732325C00A03D42 /* SwiftUIWatchSamples WatchKit Extension */,
			);
		};
/* End PBXProject section */

/* Begin PBXResourcesBuildPhase section */
		D81D1E8527320A8000A03D42 /* Resources */ = {
			isa = PBXResourcesBuildPhase;
			buildActionMask = 2147483647;
			files = (
				D81D1E9227320A8300A03D42 /* Preview Assets.xcassets in Resources */,
				D81D1E8F27320A8300A03D42 /* Assets.xcassets in Resources */,
			);
			runOnlyForDeploymentPostprocessing = 0;
		};
		D81D1E9A2732325800A03D42 /* Resources */ = {
			isa = PBXResourcesBuildPhase;
			buildActionMask = 2147483647;
			files = (
				D81D1E9F2732325B00A03D42 /* Assets.xcassets in Resources */,
			);
			runOnlyForDeploymentPostprocessing = 0;
		};
		D81D1EA22732325C00A03D42 /* Resources */ = {
			isa = PBXResourcesBuildPhase;
			buildActionMask = 2147483647;
			files = (
				D81D1EB32732325D00A03D42 /* Preview Assets.xcassets in Resources */,
				D81D1EB02732325D00A03D42 /* Assets.xcassets in Resources */,
			);
			runOnlyForDeploymentPostprocessing = 0;
		};
/* End PBXResourcesBuildPhase section */

/* Begin PBXSourcesBuildPhase section */
		D81D1E8327320A8000A03D42 /* Sources */ = {
			isa = PBXSourcesBuildPhase;
			buildActionMask = 2147483647;
			files = (
				D8A8C3B92733A8AB007BA96F /* ColorSamples.swift in Sources */,
				D81D1E9927320AAD00A03D42 /* TextSamples.swift in Sources */,
				D8A8C3BF2735DE86007BA96F /* IconSamples.swift in Sources */,
				D81D1E8D27320A8000A03D42 /* ContentView.swift in Sources */,
				D81D1E8B27320A8000A03D42 /* SwiftUISamplesApp.swift in Sources */,
				D8A8C3B72733A2EA007BA96F /* ShapeSamples.swift in Sources */,
				D8A8C3BD2735DA10007BA96F /* GradientSamples.swift in Sources */,
			);
			runOnlyForDeploymentPostprocessing = 0;
		};
		D81D1EA02732325C00A03D42 /* Sources */ = {
			isa = PBXSourcesBuildPhase;
			buildActionMask = 2147483647;
			files = (
				D81D1EAA2732325C00A03D42 /* GaugeSample.swift in Sources */,
				D81D1EAC2732325C00A03D42 /* SwiftUISamplesApp.swift in Sources */,
				D81D1EAE2732325C00A03D42 /* ComplicationController.swift in Sources */,
			);
			runOnlyForDeploymentPostprocessing = 0;
		};
/* End PBXSourcesBuildPhase section */

/* Begin PBXTargetDependency section */
		D81D1EA72732325C00A03D42 /* PBXTargetDependency */ = {
			isa = PBXTargetDependency;
			target = D81D1EA32732325C00A03D42 /* SwiftUIWatchSamples WatchKit Extension */;
			targetProxy = D81D1EA62732325C00A03D42 /* PBXContainerItemProxy */;
		};
		D81D1EB62732325D00A03D42 /* PBXTargetDependency */ = {
			isa = PBXTargetDependency;
			target = D81D1E9B2732325800A03D42 /* SwiftUIWatchSamples */;
			targetProxy = D81D1EB52732325D00A03D42 /* PBXContainerItemProxy */;
		};
/* End PBXTargetDependency section */

/* Begin XCBuildConfiguration section */
		D81D1E9327320A8300A03D42 /* Debug */ = {
			isa = XCBuildConfiguration;
			buildSettings = {
				ALWAYS_SEARCH_USER_PATHS = NO;
				CLANG_ANALYZER_NONNULL = YES;
				CLANG_ANALYZER_NUMBER_OBJECT_CONVERSION = YES_AGGRESSIVE;
				CLANG_CXX_LANGUAGE_STANDARD = "gnu++17";
				CLANG_CXX_LIBRARY = "libc++";
				CLANG_ENABLE_MODULES = YES;
				CLANG_ENABLE_OBJC_ARC = YES;
				CLANG_ENABLE_OBJC_WEAK = YES;
				CLANG_WARN_BLOCK_CAPTURE_AUTORELEASING = YES;
				CLANG_WARN_BOOL_CONVERSION = YES;
				CLANG_WARN_COMMA = YES;
				CLANG_WARN_CONSTANT_CONVERSION = YES;
				CLANG_WARN_DEPRECATED_OBJC_IMPLEMENTATIONS = YES;
				CLANG_WARN_DIRECT_OBJC_ISA_USAGE = YES_ERROR;
				CLANG_WARN_DOCUMENTATION_COMMENTS = YES;
				CLANG_WARN_EMPTY_BODY = YES;
				CLANG_WARN_ENUM_CONVERSION = YES;
				CLANG_WARN_INFINITE_RECURSION = YES;
				CLANG_WARN_INT_CONVERSION = YES;
				CLANG_WARN_NON_LITERAL_NULL_CONVERSION = YES;
				CLANG_WARN_OBJC_IMPLICIT_RETAIN_SELF = YES;
				CLANG_WARN_OBJC_LITERAL_CONVERSION = YES;
				CLANG_WARN_OBJC_ROOT_CLASS = YES_ERROR;
				CLANG_WARN_QUOTED_INCLUDE_IN_FRAMEWORK_HEADER = YES;
				CLANG_WARN_RANGE_LOOP_ANALYSIS = YES;
				CLANG_WARN_STRICT_PROTOTYPES = YES;
				CLANG_WARN_SUSPICIOUS_MOVE = YES;
				CLANG_WARN_UNGUARDED_AVAILABILITY = YES_AGGRESSIVE;
				CLANG_WARN_UNREACHABLE_CODE = YES;
				CLANG_WARN__DUPLICATE_METHOD_MATCH = YES;
				COPY_PHASE_STRIP = NO;
				DEBUG_INFORMATION_FORMAT = dwarf;
				ENABLE_STRICT_OBJC_MSGSEND = YES;
				ENABLE_TESTABILITY = YES;
				GCC_C_LANGUAGE_STANDARD = gnu11;
				GCC_DYNAMIC_NO_PIC = NO;
				GCC_NO_COMMON_BLOCKS = YES;
				GCC_OPTIMIZATION_LEVEL = 0;
				GCC_PREPROCESSOR_DEFINITIONS = (
					"DEBUG=1",
					"$(inherited)",
				);
				GCC_WARN_64_TO_32_BIT_CONVERSION = YES;
				GCC_WARN_ABOUT_RETURN_TYPE = YES_ERROR;
				GCC_WARN_UNDECLARED_SELECTOR = YES;
				GCC_WARN_UNINITIALIZED_AUTOS = YES_AGGRESSIVE;
				GCC_WARN_UNUSED_FUNCTION = YES;
				GCC_WARN_UNUSED_VARIABLE = YES;
				IPHONEOS_DEPLOYMENT_TARGET = 15.0;
				MTL_ENABLE_DEBUG_INFO = INCLUDE_SOURCE;
				MTL_FAST_MATH = YES;
				ONLY_ACTIVE_ARCH = YES;
				SDKROOT = iphoneos;
				SWIFT_ACTIVE_COMPILATION_CONDITIONS = DEBUG;
				SWIFT_OPTIMIZATION_LEVEL = "-Onone";
			};
			name = Debug;
		};
		D81D1E9427320A8300A03D42 /* Release */ = {
			isa = XCBuildConfiguration;
			buildSettings = {
				ALWAYS_SEARCH_USER_PATHS = NO;
				CLANG_ANALYZER_NONNULL = YES;
				CLANG_ANALYZER_NUMBER_OBJECT_CONVERSION = YES_AGGRESSIVE;
				CLANG_CXX_LANGUAGE_STANDARD = "gnu++17";
				CLANG_CXX_LIBRARY = "libc++";
				CLANG_ENABLE_MODULES = YES;
				CLANG_ENABLE_OBJC_ARC = YES;
				CLANG_ENABLE_OBJC_WEAK = YES;
				CLANG_WARN_BLOCK_CAPTURE_AUTORELEASING = YES;
				CLANG_WARN_BOOL_CONVERSION = YES;
				CLANG_WARN_COMMA = YES;
				CLANG_WARN_CONSTANT_CONVERSION = YES;
				CLANG_WARN_DEPRECATED_OBJC_IMPLEMENTATIONS = YES;
				CLANG_WARN_DIRECT_OBJC_ISA_USAGE = YES_ERROR;
				CLANG_WARN_DOCUMENTATION_COMMENTS = YES;
				CLANG_WARN_EMPTY_BODY = YES;
				CLANG_WARN_ENUM_CONVERSION = YES;
				CLANG_WARN_INFINITE_RECURSION = YES;
				CLANG_WARN_INT_CONVERSION = YES;
				CLANG_WARN_NON_LITERAL_NULL_CONVERSION = YES;
				CLANG_WARN_OBJC_IMPLICIT_RETAIN_SELF = YES;
				CLANG_WARN_OBJC_LITERAL_CONVERSION = YES;
				CLANG_WARN_OBJC_ROOT_CLASS = YES_ERROR;
				CLANG_WARN_QUOTED_INCLUDE_IN_FRAMEWORK_HEADER = YES;
				CLANG_WARN_RANGE_LOOP_ANALYSIS = YES;
				CLANG_WARN_STRICT_PROTOTYPES = YES;
				CLANG_WARN_SUSPICIOUS_MOVE = YES;
				CLANG_WARN_UNGUARDED_AVAILABILITY = YES_AGGRESSIVE;
				CLANG_WARN_UNREACHABLE_CODE = YES;
				CLANG_WARN__DUPLICATE_METHOD_MATCH = YES;
				COPY_PHASE_STRIP = NO;
				DEBUG_INFORMATION_FORMAT = "dwarf-with-dsym";
				ENABLE_NS_ASSERTIONS = NO;
				ENABLE_STRICT_OBJC_MSGSEND = YES;
				GCC_C_LANGUAGE_STANDARD = gnu11;
				GCC_NO_COMMON_BLOCKS = YES;
				GCC_WARN_64_TO_32_BIT_CONVERSION = YES;
				GCC_WARN_ABOUT_RETURN_TYPE = YES_ERROR;
				GCC_WARN_UNDECLARED_SELECTOR = YES;
				GCC_WARN_UNINITIALIZED_AUTOS = YES_AGGRESSIVE;
				GCC_WARN_UNUSED_FUNCTION = YES;
				GCC_WARN_UNUSED_VARIABLE = YES;
				IPHONEOS_DEPLOYMENT_TARGET = 15.0;
				MTL_ENABLE_DEBUG_INFO = NO;
				MTL_FAST_MATH = YES;
				SDKROOT = iphoneos;
				SWIFT_COMPILATION_MODE = wholemodule;
				SWIFT_OPTIMIZATION_LEVEL = "-O";
				VALIDATE_PRODUCT = YES;
			};
			name = Release;
		};
		D81D1E9627320A8300A03D42 /* Debug */ = {
			isa = XCBuildConfiguration;
			buildSettings = {
				ASSETCATALOG_COMPILER_APPICON_NAME = AppIcon;
				ASSETCATALOG_COMPILER_GLOBAL_ACCENT_COLOR_NAME = AccentColor;
				CODE_SIGN_STYLE = Automatic;
				CURRENT_PROJECT_VERSION = 1;
				DEVELOPMENT_ASSET_PATHS = "\"SwiftUISamples/Preview Content\"";
				DEVELOPMENT_TEAM = Z4688Y75NN;
				ENABLE_PREVIEWS = YES;
				GENERATE_INFOPLIST_FILE = YES;
				INFOPLIST_KEY_UIApplicationSceneManifest_Generation = YES;
				INFOPLIST_KEY_UIApplicationSupportsIndirectInputEvents = YES;
				INFOPLIST_KEY_UILaunchScreen_Generation = YES;
				INFOPLIST_KEY_UISupportedInterfaceOrientations_iPad = "UIInterfaceOrientationPortrait UIInterfaceOrientationPortraitUpsideDown UIInterfaceOrientationLandscapeLeft UIInterfaceOrientationLandscapeRight";
				INFOPLIST_KEY_UISupportedInterfaceOrientations_iPhone = "UIInterfaceOrientationPortrait UIInterfaceOrientationLandscapeLeft UIInterfaceOrientationLandscapeRight";
				LD_RUNPATH_SEARCH_PATHS = (
					"$(inherited)",
					"@executable_path/Frameworks",
				);
				MARKETING_VERSION = 1.0;
				PRODUCT_BUNDLE_IDENTIFIER = app.ROSC.SwiftUISamples;
				PRODUCT_NAME = "$(TARGET_NAME)";
				SWIFT_EMIT_LOC_STRINGS = YES;
				SWIFT_VERSION = 5.0;
				TARGETED_DEVICE_FAMILY = "1,2";
			};
			name = Debug;
		};
		D81D1E9727320A8300A03D42 /* Release */ = {
			isa = XCBuildConfiguration;
			buildSettings = {
				ASSETCATALOG_COMPILER_APPICON_NAME = AppIcon;
				ASSETCATALOG_COMPILER_GLOBAL_ACCENT_COLOR_NAME = AccentColor;
				CODE_SIGN_STYLE = Automatic;
				CURRENT_PROJECT_VERSION = 1;
				DEVELOPMENT_ASSET_PATHS = "\"SwiftUISamples/Preview Content\"";
				DEVELOPMENT_TEAM = Z4688Y75NN;
				ENABLE_PREVIEWS = YES;
				GENERATE_INFOPLIST_FILE = YES;
				INFOPLIST_KEY_UIApplicationSceneManifest_Generation = YES;
				INFOPLIST_KEY_UIApplicationSupportsIndirectInputEvents = YES;
				INFOPLIST_KEY_UILaunchScreen_Generation = YES;
				INFOPLIST_KEY_UISupportedInterfaceOrientations_iPad = "UIInterfaceOrientationPortrait UIInterfaceOrientationPortraitUpsideDown UIInterfaceOrientationLandscapeLeft UIInterfaceOrientationLandscapeRight";
				INFOPLIST_KEY_UISupportedInterfaceOrientations_iPhone = "UIInterfaceOrientationPortrait UIInterfaceOrientationLandscapeLeft UIInterfaceOrientationLandscapeRight";
				LD_RUNPATH_SEARCH_PATHS = (
					"$(inherited)",
					"@executable_path/Frameworks",
				);
				MARKETING_VERSION = 1.0;
				PRODUCT_BUNDLE_IDENTIFIER = app.ROSC.SwiftUISamples;
				PRODUCT_NAME = "$(TARGET_NAME)";
				SWIFT_EMIT_LOC_STRINGS = YES;
				SWIFT_VERSION = 5.0;
				TARGETED_DEVICE_FAMILY = "1,2";
			};
			name = Release;
		};
		D81D1EB92732325D00A03D42 /* Debug */ = {
			isa = XCBuildConfiguration;
			buildSettings = {
				ASSETCATALOG_COMPILER_COMPLICATION_NAME = Complication;
				CODE_SIGN_STYLE = Automatic;
				CURRENT_PROJECT_VERSION = 1;
				DEVELOPMENT_ASSET_PATHS = "\"SwiftUIWatchSamples WatchKit Extension/Preview Content\"";
				DEVELOPMENT_TEAM = Z4688Y75NN;
				ENABLE_PREVIEWS = YES;
				GENERATE_INFOPLIST_FILE = YES;
				INFOPLIST_FILE = "SwiftUIWatchSamples WatchKit Extension/Info.plist";
				INFOPLIST_KEY_CFBundleDisplayName = "SwiftUIWatchSamples WatchKit Extension";
				INFOPLIST_KEY_CLKComplicationPrincipalClass = "$(PRODUCT_MODULE_NAME).ComplicationController";
				INFOPLIST_KEY_NSHumanReadableCopyright = "";
				LD_RUNPATH_SEARCH_PATHS = (
					"$(inherited)",
					"@executable_path/Frameworks",
					"@executable_path/../../Frameworks",
				);
				MARKETING_VERSION = 1.0;
				PRODUCT_BUNDLE_IDENTIFIER = app.ROSC.SwiftUISamples.watchkitapp.watchkitextension;
				PRODUCT_NAME = "${TARGET_NAME}";
				SDKROOT = watchos;
				SKIP_INSTALL = YES;
				SWIFT_EMIT_LOC_STRINGS = YES;
				SWIFT_VERSION = 5.0;
				TARGETED_DEVICE_FAMILY = 4;
				WATCHOS_DEPLOYMENT_TARGET = 8.0;
			};
			name = Debug;
		};
		D81D1EBA2732325D00A03D42 /* Release */ = {
			isa = XCBuildConfiguration;
			buildSettings = {
				ASSETCATALOG_COMPILER_COMPLICATION_NAME = Complication;
				CODE_SIGN_STYLE = Automatic;
				CURRENT_PROJECT_VERSION = 1;
				DEVELOPMENT_ASSET_PATHS = "\"SwiftUIWatchSamples WatchKit Extension/Preview Content\"";
				DEVELOPMENT_TEAM = Z4688Y75NN;
				ENABLE_PREVIEWS = YES;
				GENERATE_INFOPLIST_FILE = YES;
				INFOPLIST_FILE = "SwiftUIWatchSamples WatchKit Extension/Info.plist";
				INFOPLIST_KEY_CFBundleDisplayName = "SwiftUIWatchSamples WatchKit Extension";
				INFOPLIST_KEY_CLKComplicationPrincipalClass = "$(PRODUCT_MODULE_NAME).ComplicationController";
				INFOPLIST_KEY_NSHumanReadableCopyright = "";
				LD_RUNPATH_SEARCH_PATHS = (
					"$(inherited)",
					"@executable_path/Frameworks",
					"@executable_path/../../Frameworks",
				);
				MARKETING_VERSION = 1.0;
				PRODUCT_BUNDLE_IDENTIFIER = app.ROSC.SwiftUISamples.watchkitapp.watchkitextension;
				PRODUCT_NAME = "${TARGET_NAME}";
				SDKROOT = watchos;
				SKIP_INSTALL = YES;
				SWIFT_EMIT_LOC_STRINGS = YES;
				SWIFT_VERSION = 5.0;
				TARGETED_DEVICE_FAMILY = 4;
				WATCHOS_DEPLOYMENT_TARGET = 8.0;
			};
			name = Release;
		};
		D81D1EBD2732325D00A03D42 /* Debug */ = {
			isa = XCBuildConfiguration;
			buildSettings = {
				ALWAYS_EMBED_SWIFT_STANDARD_LIBRARIES = YES;
				ASSETCATALOG_COMPILER_APPICON_NAME = AppIcon;
				ASSETCATALOG_COMPILER_GLOBAL_ACCENT_COLOR_NAME = AccentColor;
				CODE_SIGN_STYLE = Automatic;
				CURRENT_PROJECT_VERSION = 1;
				DEVELOPMENT_TEAM = Z4688Y75NN;
				GENERATE_INFOPLIST_FILE = YES;
				IBSC_MODULE = SwiftUIWatchSamples_WatchKit_Extension;
				INFOPLIST_KEY_CFBundleDisplayName = SwiftUIWatchSamples;
				INFOPLIST_KEY_UISupportedInterfaceOrientations = "UIInterfaceOrientationPortrait UIInterfaceOrientationPortraitUpsideDown";
				INFOPLIST_KEY_WKCompanionAppBundleIdentifier = app.ROSC.SwiftUISamples;
				MARKETING_VERSION = 1.0;
				PRODUCT_BUNDLE_IDENTIFIER = app.ROSC.SwiftUISamples.watchkitapp;
				PRODUCT_NAME = "$(TARGET_NAME)";
				SDKROOT = watchos;
				SKIP_INSTALL = YES;
				SWIFT_EMIT_LOC_STRINGS = YES;
				SWIFT_VERSION = 5.0;
				TARGETED_DEVICE_FAMILY = 4;
				WATCHOS_DEPLOYMENT_TARGET = 8.0;
			};
			name = Debug;
		};
		D81D1EBE2732325D00A03D42 /* Release */ = {
			isa = XCBuildConfiguration;
			buildSettings = {
				ALWAYS_EMBED_SWIFT_STANDARD_LIBRARIES = YES;
				ASSETCATALOG_COMPILER_APPICON_NAME = AppIcon;
				ASSETCATALOG_COMPILER_GLOBAL_ACCENT_COLOR_NAME = AccentColor;
				CODE_SIGN_STYLE = Automatic;
				CURRENT_PROJECT_VERSION = 1;
				DEVELOPMENT_TEAM = Z4688Y75NN;
				GENERATE_INFOPLIST_FILE = YES;
				IBSC_MODULE = SwiftUIWatchSamples_WatchKit_Extension;
				INFOPLIST_KEY_CFBundleDisplayName = SwiftUIWatchSamples;
				INFOPLIST_KEY_UISupportedInterfaceOrientations = "UIInterfaceOrientationPortrait UIInterfaceOrientationPortraitUpsideDown";
				INFOPLIST_KEY_WKCompanionAppBundleIdentifier = app.ROSC.SwiftUISamples;
				MARKETING_VERSION = 1.0;
				PRODUCT_BUNDLE_IDENTIFIER = app.ROSC.SwiftUISamples.watchkitapp;
				PRODUCT_NAME = "$(TARGET_NAME)";
				SDKROOT = watchos;
				SKIP_INSTALL = YES;
				SWIFT_EMIT_LOC_STRINGS = YES;
				SWIFT_VERSION = 5.0;
				TARGETED_DEVICE_FAMILY = 4;
				WATCHOS_DEPLOYMENT_TARGET = 8.0;
			};
			name = Release;
		};
/* End XCBuildConfiguration section */

/* Begin XCConfigurationList section */
		D81D1E8227320A8000A03D42 /* Build configuration list for PBXProject "SwiftUISamples" */ = {
			isa = XCConfigurationList;
			buildConfigurations = (
				D81D1E9327320A8300A03D42 /* Debug */,
				D81D1E9427320A8300A03D42 /* Release */,
			);
			defaultConfigurationIsVisible = 0;
			defaultConfigurationName = Release;
		};
		D81D1E9527320A8300A03D42 /* Build configuration list for PBXNativeTarget "SwiftUISamples" */ = {
			isa = XCConfigurationList;
			buildConfigurations = (
				D81D1E9627320A8300A03D42 /* Debug */,
				D81D1E9727320A8300A03D42 /* Release */,
			);
			defaultConfigurationIsVisible = 0;
			defaultConfigurationName = Release;
		};
		D81D1EB82732325D00A03D42 /* Build configuration list for PBXNativeTarget "SwiftUIWatchSamples WatchKit Extension" */ = {
			isa = XCConfigurationList;
			buildConfigurations = (
				D81D1EB92732325D00A03D42 /* Debug */,
				D81D1EBA2732325D00A03D42 /* Release */,
			);
			defaultConfigurationIsVisible = 0;
			defaultConfigurationName = Release;
		};
		D81D1EBC2732325D00A03D42 /* Build configuration list for PBXNativeTarget "SwiftUIWatchSamples" */ = {
			isa = XCConfigurationList;
			buildConfigurations = (
				D81D1EBD2732325D00A03D42 /* Debug */,
				D81D1EBE2732325D00A03D42 /* Release */,
			);
			defaultConfigurationIsVisible = 0;
			defaultConfigurationName = Release;
		};
/* End XCConfigurationList section */
	};
	rootObject = D81D1E7F27320A8000A03D42 /* Project object */;
}
